
Microsoft Visual Studio Solution File, Format Version 12.00
# Visual Studio Version 17
VisualStudioVersion = 17.7.34018.315
MinimumVisualStudioVersion = 10.0.40219.1
Project("{2150E333-8FDC-42A3-9474-1A3956D46DE8}") = "src", "src", "{31B30CC6-7EEF-4549-A757-8204C5F4ED2D}"
EndProject
Project("{2150E333-8FDC-42A3-9474-1A3956D46DE8}") = "0 - Building Blocks", "0 - Building Blocks", "{364C3CB1-B707-4E15-90F0-4F9D6B6458FF}"
EndProject
Project("{2150E333-8FDC-42A3-9474-1A3956D46DE8}") = "1 - Presentation", "1 - Presentation", "{69F7DA90-9346-4C48-BF62-DAC50164D662}"
EndProject
Project("{2150E333-8FDC-42A3-9474-1A3956D46DE8}") = "2 - Services", "2 - Services", "{0DF7A79C-C3FE-46BA-ACF5-068E9E97E39E}"
EndProject
Project("{2150E333-8FDC-42A3-9474-1A3956D46DE8}") = "3 - Application", "3 - Application", "{3A51F2F0-3F77-471D-B46F-B13ED2CF2E44}"
EndProject
Project("{2150E333-8FDC-42A3-9474-1A3956D46DE8}") = "4 - Domain", "4 - Domain", "{D0483FBF-55A7-4871-B5DB-53696DF74EDE}"
EndProject
Project("{2150E333-8FDC-42A3-9474-1A3956D46DE8}") = "5 - Infra", "5 - Infra", "{864FBA71-5E8A-45E0-8A4E-4F9872F72996}"
EndProject
Project("{2150E333-8FDC-42A3-9474-1A3956D46DE8}") = "6 - Test", "6 - Test", "{262E9B73-E282-480A-BD0B-B80B9F460F8F}"
EndProject
Project("{9A19103F-16F7-4668-BE54-9A1E7A4F7556}") = "Integrador.Domain.Shared", "src\Integrador.Domain.Shared\Integrador.Domain.Shared\Integrador.Domain.Shared.csproj", "{58173D2E-B580-4072-AFDF-140A8F488D6C}"
EndProject
Project("{9A19103F-16F7-4668-BE54-9A1E7A4F7556}") = "Integrador.Infra.CrossCutting.IoC", "src\Intergador.Infra.CrossCutting.IoC\Integrador.Infra.CrossCutting.IoC\Integrador.Infra.CrossCutting.IoC.csproj", "{3AF6C228-CE79-4420-AC7F-BFC2BCAB50C6}"
EndProject
Project("{9A19103F-16F7-4668-BE54-9A1E7A4F7556}") = "Integrador.Store.API", "Integrador.Store.API\Integrador.Store.API.csproj", "{E4B8923F-C180-43A6-8286-8B7B54D4BAE5}"
EndProject
Project("{9A19103F-16F7-4668-BE54-9A1E7A4F7556}") = "Integrador.Infra.Identity", "Integrador.Infra.Identity\Integrador.Infra.Identity.csproj", "{53D97175-29BC-45BA-B78B-E41615D70F7A}"
EndProject
Project("{9A19103F-16F7-4668-BE54-9A1E7A4F7556}") = "Integrador.Web", "Integrador.Web\Integrador.Web.csproj", "{B25B0656-8A4D-4A07-85BA-1BFFD980CEBC}"
EndProject
Project("{FAE04EC0-301F-11D3-BF4B-00C04F79EFBC}") = "Integrador.Core", "Integrador.Core\Integrador.Core.csproj", "{57475119-5E65-4E6F-8931-AE487D61AD18}"
EndProject
Project("{FAE04EC0-301F-11D3-BF4B-00C04F79EFBC}") = "Integrador.Domain", "Integrador.Domain\Integrador.Domain.csproj", "{060F73AA-1E2C-4ED4-BD21-F249BF54A12B}"
EndProject
Project("{FAE04EC0-301F-11D3-BF4B-00C04F79EFBC}") = "Integrador.Application", "Integrador.Application\Integrador.Application.csproj", "{F257E131-82B2-4005-BC5C-7F1ACA770F76}"
EndProject
Project("{FAE04EC0-301F-11D3-BF4B-00C04F79EFBC}") = "Integrador.Infra.Data", "Integrador.Infra.Data\Integrador.Infra.Data.csproj", "{5F36BEBD-1999-478E-922D-965A456F2E91}"
EndProject
Global
	GlobalSection(SolutionConfigurationPlatforms) = preSolution
		Debug|Any CPU = Debug|Any CPU
		Release|Any CPU = Release|Any CPU
	EndGlobalSection
	GlobalSection(ProjectConfigurationPlatforms) = postSolution
		{58173D2E-B580-4072-AFDF-140A8F488D6C}.Debug|Any CPU.ActiveCfg = Debug|Any CPU
		{58173D2E-B580-4072-AFDF-140A8F488D6C}.Debug|Any CPU.Build.0 = Debug|Any CPU
		{58173D2E-B580-4072-AFDF-140A8F488D6C}.Release|Any CPU.ActiveCfg = Release|Any CPU
		{58173D2E-B580-4072-AFDF-140A8F488D6C}.Release|Any CPU.Build.0 = Release|Any CPU
		{3AF6C228-CE79-4420-AC7F-BFC2BCAB50C6}.Debug|Any CPU.ActiveCfg = Debug|Any CPU
		{3AF6C228-CE79-4420-AC7F-BFC2BCAB50C6}.Debug|Any CPU.Build.0 = Debug|Any CPU
		{3AF6C228-CE79-4420-AC7F-BFC2BCAB50C6}.Release|Any CPU.ActiveCfg = Release|Any CPU
		{3AF6C228-CE79-4420-AC7F-BFC2BCAB50C6}.Release|Any CPU.Build.0 = Release|Any CPU
		{E4B8923F-C180-43A6-8286-8B7B54D4BAE5}.Debug|Any CPU.ActiveCfg = Debug|Any CPU
		{E4B8923F-C180-43A6-8286-8B7B54D4BAE5}.Debug|Any CPU.Build.0 = Debug|Any CPU
		{E4B8923F-C180-43A6-8286-8B7B54D4BAE5}.Release|Any CPU.ActiveCfg = Release|Any CPU
		{E4B8923F-C180-43A6-8286-8B7B54D4BAE5}.Release|Any CPU.Build.0 = Release|Any CPU
		{53D97175-29BC-45BA-B78B-E41615D70F7A}.Debug|Any CPU.ActiveCfg = Debug|Any CPU
		{53D97175-29BC-45BA-B78B-E41615D70F7A}.Debug|Any CPU.Build.0 = Debug|Any CPU
		{53D97175-29BC-45BA-B78B-E41615D70F7A}.Release|Any CPU.ActiveCfg = Release|Any CPU
		{53D97175-29BC-45BA-B78B-E41615D70F7A}.Release|Any CPU.Build.0 = Release|Any CPU
		{B25B0656-8A4D-4A07-85BA-1BFFD980CEBC}.Debug|Any CPU.ActiveCfg = Debug|Any CPU
		{B25B0656-8A4D-4A07-85BA-1BFFD980CEBC}.Debug|Any CPU.Build.0 = Debug|Any CPU
		{B25B0656-8A4D-4A07-85BA-1BFFD980CEBC}.Release|Any CPU.ActiveCfg = Release|Any CPU
		{B25B0656-8A4D-4A07-85BA-1BFFD980CEBC}.Release|Any CPU.Build.0 = Release|Any CPU
		{57475119-5E65-4E6F-8931-AE487D61AD18}.Debug|Any CPU.ActiveCfg = Debug|Any CPU
		{57475119-5E65-4E6F-8931-AE487D61AD18}.Debug|Any CPU.Build.0 = Debug|Any CPU
		{57475119-5E65-4E6F-8931-AE487D61AD18}.Release|Any CPU.ActiveCfg = Release|Any CPU
		{57475119-5E65-4E6F-8931-AE487D61AD18}.Release|Any CPU.Build.0 = Release|Any CPU
		{060F73AA-1E2C-4ED4-BD21-F249BF54A12B}.Debug|Any CPU.ActiveCfg = Debug|Any CPU
		{060F73AA-1E2C-4ED4-BD21-F249BF54A12B}.Debug|Any CPU.Build.0 = Debug|Any CPU
		{060F73AA-1E2C-4ED4-BD21-F249BF54A12B}.Release|Any CPU.ActiveCfg = Release|Any CPU
		{060F73AA-1E2C-4ED4-BD21-F249BF54A12B}.Release|Any CPU.Build.0 = Release|Any CPU
		{F257E131-82B2-4005-BC5C-7F1ACA770F76}.Debug|Any CPU.ActiveCfg = Debug|Any CPU
		{F257E131-82B2-4005-BC5C-7F1ACA770F76}.Debug|Any CPU.Build.0 = Debug|Any CPU
		{F257E131-82B2-4005-BC5C-7F1ACA770F76}.Release|Any CPU.ActiveCfg = Release|Any CPU
		{F257E131-82B2-4005-BC5C-7F1ACA770F76}.Release|Any CPU.Build.0 = Release|Any CPU
		{5F36BEBD-1999-478E-922D-965A456F2E91}.Debug|Any CPU.ActiveCfg = Debug|Any CPU
		{5F36BEBD-1999-478E-922D-965A456F2E91}.Debug|Any CPU.Build.0 = Debug|Any CPU
		{5F36BEBD-1999-478E-922D-965A456F2E91}.Release|Any CPU.ActiveCfg = Release|Any CPU
		{5F36BEBD-1999-478E-922D-965A456F2E91}.Release|Any CPU.Build.0 = Release|Any CPU
	EndGlobalSection
	GlobalSection(SolutionProperties) = preSolution
		HideSolutionNode = FALSE
	EndGlobalSection
	GlobalSection(NestedProjects) = preSolution
		{364C3CB1-B707-4E15-90F0-4F9D6B6458FF} = {31B30CC6-7EEF-4549-A757-8204C5F4ED2D}
		{69F7DA90-9346-4C48-BF62-DAC50164D662} = {31B30CC6-7EEF-4549-A757-8204C5F4ED2D}
		{0DF7A79C-C3FE-46BA-ACF5-068E9E97E39E} = {31B30CC6-7EEF-4549-A757-8204C5F4ED2D}
		{3A51F2F0-3F77-471D-B46F-B13ED2CF2E44} = {31B30CC6-7EEF-4549-A757-8204C5F4ED2D}
		{D0483FBF-55A7-4871-B5DB-53696DF74EDE} = {31B30CC6-7EEF-4549-A757-8204C5F4ED2D}
		{864FBA71-5E8A-45E0-8A4E-4F9872F72996} = {31B30CC6-7EEF-4549-A757-8204C5F4ED2D}
		{262E9B73-E282-480A-BD0B-B80B9F460F8F} = {31B30CC6-7EEF-4549-A757-8204C5F4ED2D}
		{58173D2E-B580-4072-AFDF-140A8F488D6C} = {D0483FBF-55A7-4871-B5DB-53696DF74EDE}
		{3AF6C228-CE79-4420-AC7F-BFC2BCAB50C6} = {864FBA71-5E8A-45E0-8A4E-4F9872F72996}
		{E4B8923F-C180-43A6-8286-8B7B54D4BAE5} = {0DF7A79C-C3FE-46BA-ACF5-068E9E97E39E}
		{53D97175-29BC-45BA-B78B-E41615D70F7A} = {864FBA71-5E8A-45E0-8A4E-4F9872F72996}
		{B25B0656-8A4D-4A07-85BA-1BFFD980CEBC} = {69F7DA90-9346-4C48-BF62-DAC50164D662}
		{57475119-5E65-4E6F-8931-AE487D61AD18} = {364C3CB1-B707-4E15-90F0-4F9D6B6458FF}
		{060F73AA-1E2C-4ED4-BD21-F249BF54A12B} = {D0483FBF-55A7-4871-B5DB-53696DF74EDE}
		{F257E131-82B2-4005-BC5C-7F1ACA770F76} = {3A51F2F0-3F77-471D-B46F-B13ED2CF2E44}
		{5F36BEBD-1999-478E-922D-965A456F2E91} = {864FBA71-5E8A-45E0-8A4E-4F9872F72996}
	EndGlobalSection
	GlobalSection(ExtensibilityGlobals) = postSolution
		SolutionGuid = {74917602-15C5-440B-9331-8EB77DF906EC}
	EndGlobalSection
EndGlobal
